name: Update latest-block anchor

# Refreshes src/seedsigner/resources/latest-block.json, which lets the device
# turn a block-height nLockTime into an approximate calendar date. The device
# has no RTC and no chain tip, so without an anchor a height is an
# uninterpretable number and a long timelock is invisible on the review screens.
#
# The value is advisory: it only shifts a *displayed* estimate and never feeds a
# signing decision, so a stale anchor is harmless and a wrong one cannot
# authorise anything. That is why fetching it from a third-party explorer in CI
# is acceptable here -- and why this opens a PR rather than pushing to a branch
# directly, so the change is still reviewed like any other.

on:
  schedule:
    # Monthly is far more often than needed; month-level accuracy tolerates a
    # badly stale anchor.
    - cron: "0 4 1 * *"
  workflow_dispatch:

permissions:
  contents: write
  pull-requests: write

jobs:
  update:
    runs-on: ubuntu-latest
    steps:
      - uses: actions/checkout@v4

      - name: Fetch current tip
        id: tip
        run: |
          set -euo pipefail

          height=$(curl -fsS --retry 3 --max-time 30 https://mempool.space/api/blocks/tip/height)
          hash=$(curl -fsS --retry 3 --max-time 30 https://mempool.space/api/block-height/"$height")
          timestamp=$(curl -fsS --retry 3 --max-time 30 https://mempool.space/api/block/"$hash" | jq -r '.timestamp')

          # Refuse anything implausible rather than committing garbage. The
          # device tolerates a bad anchor, but there is no reason to ship one.
          case "$height" in ''|*[!0-9]*) echo "bad height: $height" >&2; exit 1;; esac
          case "$timestamp" in ''|*[!0-9]*) echo "bad timestamp: $timestamp" >&2; exit 1;; esac
          if [ "$height" -lt 900000 ]; then echo "height went backwards: $height" >&2; exit 1; fi

          echo "height=$height"       >> "$GITHUB_OUTPUT"
          echo "timestamp=$timestamp" >> "$GITHUB_OUTPUT"
          echo "updated=$(date -u -d "@$timestamp" +%Y-%m-%d)" >> "$GITHUB_OUTPUT"

          # Mean of the highest fee rate paid in each of the last 10 blocks.
          # This is the "nobody sane pays more than this" line: the max is
          # already an outlier within its block, so averaging ten of them gives a
          # ceiling that ordinary transactions sit well under while still moving
          # with congestion.
          max_fee_rate=$(curl -fsS --retry 3 --max-time 30 https://mempool.space/api/v1/blocks \
            | jq '[.[0:10][] | .extras.feeRange[-1]] | add / length | floor')

          case "$max_fee_rate" in ''|*[!0-9]*) echo "bad fee rate: $max_fee_rate" >&2; exit 1;; esac
          # Never let a quiet-mempool reading drive the threshold to something
          # that would warn on ordinary traffic.
          if [ "$max_fee_rate" -lt 20 ]; then max_fee_rate=20; fi

          echo "max_fee_rate=$max_fee_rate" >> "$GITHUB_OUTPUT"

      - name: Write latest-block.json
        run: |
          set -euo pipefail
          python - <<'PY'
          import json, os

          path = "src/seedsigner/resources/latest-block.json"
          with open(path, encoding="utf-8") as fh:
              data = json.load(fh)

          data["height"] = int(os.environ["HEIGHT"])
          data["timestamp"] = int(os.environ["TIMESTAMP"])
          data["updated"] = os.environ["UPDATED"]
          data["max_fee_rate"] = int(os.environ["MAX_FEE_RATE"])

          with open(path, "w", encoding="utf-8", newline="\n") as fh:
              json.dump(data, fh, indent=2)
              fh.write("\n")
          PY
        env:
          HEIGHT: ${{ steps.tip.outputs.height }}
          TIMESTAMP: ${{ steps.tip.outputs.timestamp }}
          UPDATED: ${{ steps.tip.outputs.updated }}
          MAX_FEE_RATE: ${{ steps.tip.outputs.max_fee_rate }}

      - name: Open a PR if anything changed
        uses: peter-evans/create-pull-request@v6
        with:
          branch: chore/update-latest-block
          title: "chore: refresh latest-block anchor to ${{ steps.tip.outputs.height }}"
          commit-message: |
            chore: refresh latest-block anchor to ${{ steps.tip.outputs.height }}

            Block ${{ steps.tip.outputs.height }} (${{ steps.tip.outputs.updated }}),
            used to estimate a calendar date for block-height nLockTime values.
          body: |
            Automated refresh of `src/seedsigner/resources/latest-block.json`.

            - height: `${{ steps.tip.outputs.height }}`
            - timestamp: `${{ steps.tip.outputs.timestamp }}` (${{ steps.tip.outputs.updated }})
            - max fee rate: `${{ steps.tip.outputs.max_fee_rate }}` sat/vB (mean of the top fee rate in each of the last 10 blocks)

            The height/timestamp anchor lets the approval screen render a
            block-height nLockTime as an approximate date. The fee rate backs the
            "Auto" option of the Max Fee Rate setting.

            Both are advisory: they move a displayed estimate and a warning
            threshold, never a signing decision, so this is safe to merge or ignore.
          delete-branch: true
